
Microsoft Visual Studio Solution File, Format Version 12.00
# Visual Studio 15
Project("{FAE04EC0-301F-11D3-BF4B-00C04F79EFBC}") = "Assembly-CSharp", "Assembly-CSharp.csproj", "{3208CA73-8916-1CE0-B8CF-2DA5331A1ED4}"
EndProject
Project("{FAE04EC0-301F-11D3-BF4B-00C04F79EFBC}") = "Assembly-CSharp-Editor", "Assembly-CSharp-Editor.csproj", "{2B79C9A0-D856-AD3D-2604-FCE8D6D9621F}"
EndProject
Global
	GlobalSection(SolutionConfigurationPlatforms) = preSolution
		Debug|Any CPU = Debug|Any CPU
		Release|Any CPU = Release|Any CPU
	EndGlobalSection
	GlobalSection(ProjectConfigurationPlatforms) = postSolution
		{3208CA73-8916-1CE0-B8CF-2DA5331A1ED4}.Debug|Any CPU.ActiveCfg = Debug|Any CPU
		{3208CA73-8916-1CE0-B8CF-2DA5331A1ED4}.Debug|Any CPU.Build.0 = Debug|Any CPU
		{3208CA73-8916-1CE0-B8CF-2DA5331A1ED4}.Release|Any CPU.ActiveCfg = Release|Any CPU
		{3208CA73-8916-1CE0-B8CF-2DA5331A1ED4}.Release|Any CPU.Build.0 = Release|Any CPU
		{2B79C9A0-D856-AD3D-2604-FCE8D6D9621F}.Debug|Any CPU.ActiveCfg = Debug|Any CPU
		{2B79C9A0-D856-AD3D-2604-FCE8D6D9621F}.Debug|Any CPU.Build.0 = Debug|Any CPU
		{2B79C9A0-D856-AD3D-2604-FCE8D6D9621F}.Release|Any CPU.ActiveCfg = Release|Any CPU
		{2B79C9A0-D856-AD3D-2604-FCE8D6D9621F}.Release|Any CPU.Build.0 = Release|Any CPU
	EndGlobalSection
	GlobalSection(SolutionProperties) = preSolution
		HideSolutionNode = FALSE
	EndGlobalSection
EndGlobal
